
Microsoft Visual Studio Solution File, Format Version 12.00
# Visual Studio Version 17
VisualStudioVersion = 17.7.34031.279
MinimumVisualStudioVersion = 10.0.40219.1
Project("{9A19103F-16F7-4668-BE54-9A1E7A4F7556}") = "TunghsPic", "TunghsPic\TunghsPic.csproj", "{354155E8-5A11-4028-8494-B9FF3C7CA6E2}"
EndProject
Project("{2150E333-8FDC-42A3-9474-1A3956D46DE8}") = "Assets", "Assets", "{9C8CFBC4-3CB0-46F6-B826-8EC709F589D2}"
EndProject
Project("{2150E333-8FDC-42A3-9474-1A3956D46DE8}") = "GUI", "GUI", "{F8D5130F-0509-4A45-B3A1-9FF06AD65F22}"
EndProject
Project("{9A19103F-16F7-4668-BE54-9A1E7A4F7556}") = "TunghsPic.ViewModels", "TunghsPic.ViewModels\TunghsPic.ViewModels.csproj", "{9613C68B-D563-4541-99C1-32067A94C31F}"
EndProject
Project("{9A19103F-16F7-4668-BE54-9A1E7A4F7556}") = "TunghsPic.Controls", "TunghsPic.Controls\TunghsPic.Controls.csproj", "{93B5293F-A0EE-45AC-B8AB-5AF9578D3CC6}"
EndProject
Project("{2150E333-8FDC-42A3-9474-1A3956D46DE8}") = "Foundation", "Foundation", "{53F4E990-7FA9-4ED1-9DCD-C839971FB6E5}"
EndProject
Project("{9A19103F-16F7-4668-BE54-9A1E7A4F7556}") = "TunghsPic.Data", "TunghsPic.Data\TunghsPic.Data.csproj", "{9C9C38BF-10EF-4D1D-840D-ED5C29474ADD}"
EndProject
Project("{9A19103F-16F7-4668-BE54-9A1E7A4F7556}") = "TunghsPic.Common", "TunghsPic.Common\TunghsPic.Common.csproj", "{5AE0E445-5B37-4BFC-9ADC-8A27B601BD3E}"
EndProject
Project("{9A19103F-16F7-4668-BE54-9A1E7A4F7556}") = "TunghsPic.Services", "TunghsPic.Services\TunghsPic.Services.csproj", "{73A6345D-F6A4-4D1A-AFB2-A03522758FFA}"
EndProject
Project("{FAE04EC0-301F-11D3-BF4B-00C04F79EFBC}") = "TunghsPic.Views", "TunghsPic.Views\TunghsPic.Views.csproj", "{959FD578-6FFA-4B81-941D-4CE4002FA1F9}"
EndProject
Global
	GlobalSection(SolutionConfigurationPlatforms) = preSolution
		Debug|Any CPU = Debug|Any CPU
		Release|Any CPU = Release|Any CPU
	EndGlobalSection
	GlobalSection(ProjectConfigurationPlatforms) = postSolution
		{354155E8-5A11-4028-8494-B9FF3C7CA6E2}.Debug|Any CPU.ActiveCfg = Debug|Any CPU
		{354155E8-5A11-4028-8494-B9FF3C7CA6E2}.Debug|Any CPU.Build.0 = Debug|Any CPU
		{354155E8-5A11-4028-8494-B9FF3C7CA6E2}.Release|Any CPU.ActiveCfg = Release|Any CPU
		{354155E8-5A11-4028-8494-B9FF3C7CA6E2}.Release|Any CPU.Build.0 = Release|Any CPU
		{9613C68B-D563-4541-99C1-32067A94C31F}.Debug|Any CPU.ActiveCfg = Debug|Any CPU
		{9613C68B-D563-4541-99C1-32067A94C31F}.Debug|Any CPU.Build.0 = Debug|Any CPU
		{9613C68B-D563-4541-99C1-32067A94C31F}.Release|Any CPU.ActiveCfg = Release|Any CPU
		{9613C68B-D563-4541-99C1-32067A94C31F}.Release|Any CPU.Build.0 = Release|Any CPU
		{93B5293F-A0EE-45AC-B8AB-5AF9578D3CC6}.Debug|Any CPU.ActiveCfg = Debug|Any CPU
		{93B5293F-A0EE-45AC-B8AB-5AF9578D3CC6}.Debug|Any CPU.Build.0 = Debug|Any CPU
		{93B5293F-A0EE-45AC-B8AB-5AF9578D3CC6}.Release|Any CPU.ActiveCfg = Release|Any CPU
		{93B5293F-A0EE-45AC-B8AB-5AF9578D3CC6}.Release|Any CPU.Build.0 = Release|Any CPU
		{9C9C38BF-10EF-4D1D-840D-ED5C29474ADD}.Debug|Any CPU.ActiveCfg = Debug|Any CPU
		{9C9C38BF-10EF-4D1D-840D-ED5C29474ADD}.Debug|Any CPU.Build.0 = Debug|Any CPU
		{9C9C38BF-10EF-4D1D-840D-ED5C29474ADD}.Release|Any CPU.ActiveCfg = Release|Any CPU
		{9C9C38BF-10EF-4D1D-840D-ED5C29474ADD}.Release|Any CPU.Build.0 = Release|Any CPU
		{5AE0E445-5B37-4BFC-9ADC-8A27B601BD3E}.Debug|Any CPU.ActiveCfg = Debug|Any CPU
		{5AE0E445-5B37-4BFC-9ADC-8A27B601BD3E}.Debug|Any CPU.Build.0 = Debug|Any CPU
		{5AE0E445-5B37-4BFC-9ADC-8A27B601BD3E}.Release|Any CPU.ActiveCfg = Release|Any CPU
		{5AE0E445-5B37-4BFC-9ADC-8A27B601BD3E}.Release|Any CPU.Build.0 = Release|Any CPU
		{73A6345D-F6A4-4D1A-AFB2-A03522758FFA}.Debug|Any CPU.ActiveCfg = Debug|Any CPU
		{73A6345D-F6A4-4D1A-AFB2-A03522758FFA}.Debug|Any CPU.Build.0 = Debug|Any CPU
		{73A6345D-F6A4-4D1A-AFB2-A03522758FFA}.Release|Any CPU.ActiveCfg = Release|Any CPU
		{73A6345D-F6A4-4D1A-AFB2-A03522758FFA}.Release|Any CPU.Build.0 = Release|Any CPU
		{959FD578-6FFA-4B81-941D-4CE4002FA1F9}.Debug|Any CPU.ActiveCfg = Debug|Any CPU
		{959FD578-6FFA-4B81-941D-4CE4002FA1F9}.Debug|Any CPU.Build.0 = Debug|Any CPU
		{959FD578-6FFA-4B81-941D-4CE4002FA1F9}.Release|Any CPU.ActiveCfg = Release|Any CPU
		{959FD578-6FFA-4B81-941D-4CE4002FA1F9}.Release|Any CPU.Build.0 = Release|Any CPU
	EndGlobalSection
	GlobalSection(SolutionProperties) = preSolution
		HideSolutionNode = FALSE
	EndGlobalSection
	GlobalSection(NestedProjects) = preSolution
		{9613C68B-D563-4541-99C1-32067A94C31F} = {F8D5130F-0509-4A45-B3A1-9FF06AD65F22}
		{93B5293F-A0EE-45AC-B8AB-5AF9578D3CC6} = {F8D5130F-0509-4A45-B3A1-9FF06AD65F22}
		{9C9C38BF-10EF-4D1D-840D-ED5C29474ADD} = {53F4E990-7FA9-4ED1-9DCD-C839971FB6E5}
		{5AE0E445-5B37-4BFC-9ADC-8A27B601BD3E} = {53F4E990-7FA9-4ED1-9DCD-C839971FB6E5}
		{73A6345D-F6A4-4D1A-AFB2-A03522758FFA} = {53F4E990-7FA9-4ED1-9DCD-C839971FB6E5}
		{959FD578-6FFA-4B81-941D-4CE4002FA1F9} = {F8D5130F-0509-4A45-B3A1-9FF06AD65F22}
	EndGlobalSection
	GlobalSection(ExtensibilityGlobals) = postSolution
		SolutionGuid = {641A183F-AA85-4D76-92B7-B27856AE7913}
	EndGlobalSection
EndGlobal
