
Microsoft Visual Studio Solution File, Format Version 12.00
# Visual Studio Version 17
VisualStudioVersion = 17.7.34031.279
MinimumVisualStudioVersion = 10.0.40219.1
Project("{FAE04EC0-301F-11D3-BF4B-00C04F79EFBC}") = "TunghsPic", "TunghsPic\TunghsPic.csproj", "{354155E8-5A11-4028-8494-B9FF3C7CA6E2}"
EndProject
Global
	GlobalSection(SolutionConfigurationPlatforms) = preSolution
		Debug|Any CPU = Debug|Any CPU
		Release|Any CPU = Release|Any CPU
	EndGlobalSection
	GlobalSection(ProjectConfigurationPlatforms) = postSolution
		{354155E8-5A11-4028-8494-B9FF3C7CA6E2}.Debug|Any CPU.ActiveCfg = Debug|Any CPU
		{354155E8-5A11-4028-8494-B9FF3C7CA6E2}.Debug|Any CPU.Build.0 = Debug|Any CPU
		{354155E8-5A11-4028-8494-B9FF3C7CA6E2}.Release|Any CPU.ActiveCfg = Release|Any CPU
		{354155E8-5A11-4028-8494-B9FF3C7CA6E2}.Release|Any CPU.Build.0 = Release|Any CPU
	EndGlobalSection
	GlobalSection(SolutionProperties) = preSolution
		HideSolutionNode = FALSE
	EndGlobalSection
	GlobalSection(ExtensibilityGlobals) = postSolution
		SolutionGuid = {641A183F-AA85-4D76-92B7-B27856AE7913}
	EndGlobalSection
EndGlobal
